PODS:
  - HCLogin (0.1.0):
    - HCNetWorking
  - HCNetWorking (0.1.1)

DEPENDENCIES:
  - HCLogin
  - HCNetWorking (~> 0.1.1)

SPEC REPOS:
  https://github.com/cocoapods/specs.git:
    - HCLogin
    - HCNetWorking

SPEC CHECKSUMS:
  HCLogin: 9c099c31f76359d265b142f8941676cbd2f0f6a5
  HCNetWorking: 7fd50f13dc1a764ef4113708726026fffa71e6c5

PODFILE CHECKSUM: 507339e28054148b5fb58a22aea3ceda1578e772

COCOAPODS: 1.5.2
